// !$*UTF8*$!
{
	archiveVersion = 1;
	classes = {
	};
	objectVersion = 55;
	objects = {

/* Begin PBXBuildFile section */
		F22DBAB1285DFE1C0058AF1F /* IOKit.framework in Frameworks */ = {isa = PBXBuildFile; fileRef = F22DBAB0285DFE1C0058AF1F /* IOKit.framework */; };
		F22DBAB7285E1B8D0058AF1F /* CAPreferencesWindowController.m in Sources */ = {isa = PBXBuildFile; fileRef = F22DBAB6285E1B8D0058AF1F /* CAPreferencesWindowController.m */; };
		F287BAA3287C02B600299CC0 /* CAPreferencesWindowController.xib in Resources */ = {isa = PBXBuildFile; fileRef = F287BAA1287C02B600299CC0 /* CAPreferencesWindowController.xib */; };
		F2E26BFC280B072000B6F9B2 /* Assets.xcassets in Resources */ = {isa = PBXBuildFile; fileRef = F2E26BFB280B072000B6F9B2 /* Assets.xcassets */; };
		F2E26BFF280B072000B6F9B2 /* MainMenu.xib in Resources */ = {isa = PBXBuildFile; fileRef = F2E26BFD280B072000B6F9B2 /* MainMenu.xib */; };
		F2E26C01280B072000B6F9B2 /* main.m in Sources */ = {isa = PBXBuildFile; fileRef = F2E26C00280B072000B6F9B2 /* main.m */; };
		F2E26C0B280B076300B6F9B2 /* CAAppDelegate.m in Sources */ = {isa = PBXBuildFile; fileRef = F2E26C09280B076300B6F9B2 /* CAAppDelegate.m */; };
		F2E26C3E280C089100B6F9B2 /* active@2x.png in Resources */ = {isa = PBXBuildFile; fileRef = F2E26C36280C089100B6F9B2 /* active@2x.png */; };
		F2E26C3F280C089100B6F9B2 /* inactive@2x.png in Resources */ = {isa = PBXBuildFile; fileRef = F2E26C37280C089100B6F9B2 /* inactive@2x.png */; };
		F2E26C42280C089100B6F9B2 /* inactive.png in Resources */ = {isa = PBXBuildFile; fileRef = F2E26C3A280C089100B6F9B2 /* inactive.png */; };
		F2E26C45280C089100B6F9B2 /* active.png in Resources */ = {isa = PBXBuildFile; fileRef = F2E26C3D280C089100B6F9B2 /* active.png */; };
/* End PBXBuildFile section */

/* Begin PBXFileReference section */
		F22DBAB0285DFE1C0058AF1F /* IOKit.framework */ = {isa = PBXFileReference; lastKnownFileType = wrapper.framework; name = IOKit.framework; path = System/Library/Frameworks/IOKit.framework; sourceTree = SDKROOT; };
		F22DBAB5285E1B8D0058AF1F /* CAPreferencesWindowController.h */ = {isa = PBXFileReference; lastKnownFileType = sourcecode.c.h; path = CAPreferencesWindowController.h; sourceTree = "<group>"; };
		F22DBAB6285E1B8D0058AF1F /* CAPreferencesWindowController.m */ = {isa = PBXFileReference; lastKnownFileType = sourcecode.c.objc; path = CAPreferencesWindowController.m; sourceTree = "<group>"; };
		F287BAA2287C02B600299CC0 /* Base */ = {isa = PBXFileReference; lastKnownFileType = file.xib; name = Base; path = Caffeine/Base.lproj/CAPreferencesWindowController.xib; sourceTree = SOURCE_ROOT; };
		F2E26BF5280B072000B6F9B2 /* Caffeine.app */ = {isa = PBXFileReference; explicitFileType = wrapper.application; includeInIndex = 0; path = Caffeine.app; sourceTree = BUILT_PRODUCTS_DIR; };
		F2E26BFB280B072000B6F9B2 /* Assets.xcassets */ = {isa = PBXFileReference; lastKnownFileType = folder.assetcatalog; path = Assets.xcassets; sourceTree = "<group>"; };
		F2E26BFE280B072000B6F9B2 /* Base */ = {isa = PBXFileReference; lastKnownFileType = file.xib; name = Base; path = Base.lproj/MainMenu.xib; sourceTree = "<group>"; };
		F2E26C00280B072000B6F9B2 /* main.m */ = {isa = PBXFileReference; lastKnownFileType = sourcecode.c.objc; path = main.m; sourceTree = "<group>"; };
		F2E26C02280B072000B6F9B2 /* Caffeine.entitlements */ = {isa = PBXFileReference; lastKnownFileType = text.plist.entitlements; path = Caffeine.entitlements; sourceTree = "<group>"; };
		F2E26C09280B076300B6F9B2 /* CAAppDelegate.m */ = {isa = PBXFileReference; fileEncoding = 4; lastKnownFileType = sourcecode.c.objc; path = CAAppDelegate.m; sourceTree = "<group>"; };
		F2E26C0A280B076300B6F9B2 /* CAAppDelegate.h */ = {isa = PBXFileReference; fileEncoding = 4; lastKnownFileType = sourcecode.c.h; path = CAAppDelegate.h; sourceTree = "<group>"; };
		F2E26C36280C089100B6F9B2 /* active@2x.png */ = {isa = PBXFileReference; lastKnownFileType = image.png; path = "active@2x.png"; sourceTree = "<group>"; };
		F2E26C37280C089100B6F9B2 /* inactive@2x.png */ = {isa = PBXFileReference; lastKnownFileType = image.png; path = "inactive@2x.png"; sourceTree = "<group>"; };
		F2E26C3A280C089100B6F9B2 /* inactive.png */ = {isa = PBXFileReference; lastKnownFileType = image.png; path = inactive.png; sourceTree = "<group>"; };
		F2E26C3D280C089100B6F9B2 /* active.png */ = {isa = PBXFileReference; lastKnownFileType = image.png; path = active.png; sourceTree = "<group>"; };
		F2E26C5F280C4B3500B6F9B2 /* Info.plist */ = {isa = PBXFileReference; lastKnownFileType = text.plist; path = Info.plist; sourceTree = "<group>"; };
/* End PBXFileReference section */

/* Begin PBXFrameworksBuildPhase section */
		F2E26BF2280B072000B6F9B2 /* Frameworks */ = {
			isa = PBXFrameworksBuildPhase;
			buildActionMask = 2147483647;
			files = (
				F22DBAB1285DFE1C0058AF1F /* IOKit.framework in Frameworks */,
			);
			runOnlyForDeploymentPostprocessing = 0;
		};
/* End PBXFrameworksBuildPhase section */

/* Begin PBXGroup section */
		F22DBAAF285DFE1C0058AF1F /* Frameworks */ = {
			isa = PBXGroup;
			children = (
				F22DBAB0285DFE1C0058AF1F /* IOKit.framework */,
			);
			name = Frameworks;
			sourceTree = "<group>";
		};
		F287BAA0287BFD5A00299CC0 /* WindowController */ = {
			isa = PBXGroup;
			children = (
				F22DBAB5285E1B8D0058AF1F /* CAPreferencesWindowController.h */,
				F22DBAB6285E1B8D0058AF1F /* CAPreferencesWindowController.m */,
				F287BAA1287C02B600299CC0 /* CAPreferencesWindowController.xib */,
			);
			name = WindowController;
			sourceTree = "<group>";
		};
		F2E26BEC280B072000B6F9B2 = {
			isa = PBXGroup;
			children = (
				F2E26BF7280B072000B6F9B2 /* Caffeine */,
				F2E26BF6280B072000B6F9B2 /* Products */,
				F22DBAAF285DFE1C0058AF1F /* Frameworks */,
			);
			sourceTree = "<group>";
		};
		F2E26BF6280B072000B6F9B2 /* Products */ = {
			isa = PBXGroup;
			children = (
				F2E26BF5280B072000B6F9B2 /* Caffeine.app */,
			);
			name = Products;
			sourceTree = "<group>";
		};
		F2E26BF7280B072000B6F9B2 /* Caffeine */ = {
			isa = PBXGroup;
			children = (
				F2E26C08280B076300B6F9B2 /* Classes */,
				F2E26C0C280B078100B6F9B2 /* Resources */,
				F2E26C23280B07A800B6F9B2 /* Other Sources */,
			);
			path = Caffeine;
			sourceTree = "<group>";
		};
		F2E26C08280B076300B6F9B2 /* Classes */ = {
			isa = PBXGroup;
			children = (
				F2E26C0A280B076300B6F9B2 /* CAAppDelegate.h */,
				F2E26C09280B076300B6F9B2 /* CAAppDelegate.m */,
				F287BAA0287BFD5A00299CC0 /* WindowController */,
			);
			path = Classes;
			sourceTree = "<group>";
		};
		F2E26C0C280B078100B6F9B2 /* Resources */ = {
			isa = PBXGroup;
			children = (
				F2E26C35280C089100B6F9B2 /* Images */,
				F2E26BFD280B072000B6F9B2 /* MainMenu.xib */,
				F2E26BFB280B072000B6F9B2 /* Assets.xcassets */,
				F2E26C5F280C4B3500B6F9B2 /* Info.plist */,
				F2E26C02280B072000B6F9B2 /* Caffeine.entitlements */,
			);
			name = Resources;
			sourceTree = "<group>";
		};
		F2E26C23280B07A800B6F9B2 /* Other Sources */ = {
			isa = PBXGroup;
			children = (
				F2E26C00280B072000B6F9B2 /* main.m */,
			);
			name = "Other Sources";
			sourceTree = "<group>";
		};
		F2E26C35280C089100B6F9B2 /* Images */ = {
			isa = PBXGroup;
			children = (
				F2E26C3D280C089100B6F9B2 /* active.png */,
				F2E26C36280C089100B6F9B2 /* active@2x.png */,
				F2E26C3A280C089100B6F9B2 /* inactive.png */,
				F2E26C37280C089100B6F9B2 /* inactive@2x.png */,
			);
			path = Images;
			sourceTree = "<group>";
		};
/* End PBXGroup section */

/* Begin PBXNativeTarget section */
		F2E26BF4280B072000B6F9B2 /* Caffeine */ = {
			isa = PBXNativeTarget;
			buildConfigurationList = F2E26C05280B072000B6F9B2 /* Build configuration list for PBXNativeTarget "Caffeine" */;
			buildPhases = (
				F2E26BF1280B072000B6F9B2 /* Sources */,
				F2E26BF2280B072000B6F9B2 /* Frameworks */,
				F2E26BF3280B072000B6F9B2 /* Resources */,
			);
			buildRules = (
			);
			dependencies = (
			);
			name = Caffeine;
			productName = Caffeine;
			productReference = F2E26BF5280B072000B6F9B2 /* Caffeine.app */;
			productType = "com.apple.product-type.application";
		};
/* End PBXNativeTarget section */

/* Begin PBXProject section */
		F2E26BED280B072000B6F9B2 /* Project object */ = {
			isa = PBXProject;
			attributes = {
				BuildIndependentTargetsInParallel = 1;
				LastUpgradeCheck = 1340;
				TargetAttributes = {
					F2E26BF4280B072000B6F9B2 = {
						CreatedOnToolsVersion = 13.3;
					};
				};
			};
			buildConfigurationList = F2E26BF0280B072000B6F9B2 /* Build configuration list for PBXProject "Caffeine" */;
			compatibilityVersion = "Xcode 13.0";
			developmentRegion = en;
			hasScannedForEncodings = 0;
			knownRegions = (
				en,
				Base,
			);
			mainGroup = F2E26BEC280B072000B6F9B2;
			productRefGroup = F2E26BF6280B072000B6F9B2 /* Products */;
			projectDirPath = "";
			projectRoot = "";
			targets = (
				F2E26BF4280B072000B6F9B2 /* Caffeine */,
			);
		};
/* End PBXProject section */

/* Begin PBXResourcesBuildPhase section */
		F2E26BF3280B072000B6F9B2 /* Resources */ = {
			isa = PBXResourcesBuildPhase;
			buildActionMask = 2147483647;
			files = (
				F2E26BFC280B072000B6F9B2 /* Assets.xcassets in Resources */,
				F2E26C45280C089100B6F9B2 /* active.png in Resources */,
				F2E26C42280C089100B6F9B2 /* inactive.png in Resources */,
				F2E26BFF280B072000B6F9B2 /* MainMenu.xib in Resources */,
				F287BAA3287C02B600299CC0 /* CAPreferencesWindowController.xib in Resources */,
				F2E26C3E280C089100B6F9B2 /* active@2x.png in Resources */,
				F2E26C3F280C089100B6F9B2 /* inactive@2x.png in Resources */,
			);
			runOnlyForDeploymentPostprocessing = 0;
		};
/* End PBXResourcesBuildPhase section */

/* Begin PBXSourcesBuildPhase section */
		F2E26BF1280B072000B6F9B2 /* Sources */ = {
			isa = PBXSourcesBuildPhase;
			buildActionMask = 2147483647;
			files = (
				F2E26C0B280B076300B6F9B2 /* CAAppDelegate.m in Sources */,
				F22DBAB7285E1B8D0058AF1F /* CAPreferencesWindowController.m in Sources */,
				F2E26C01280B072000B6F9B2 /* main.m in Sources */,
			);
			runOnlyForDeploymentPostprocessing = 0;
		};
/* End PBXSourcesBuildPhase section */

/* Begin PBXVariantGroup section */
		F287BAA1287C02B600299CC0 /* CAPreferencesWindowController.xib */ = {
			isa = PBXVariantGroup;
			children = (
				F287BAA2287C02B600299CC0 /* Base */,
			);
			name = CAPreferencesWindowController.xib;
			sourceTree = "<group>";
		};
		F2E26BFD280B072000B6F9B2 /* MainMenu.xib */ = {
			isa = PBXVariantGroup;
			children = (
				F2E26BFE280B072000B6F9B2 /* Base */,
			);
			name = MainMenu.xib;
			sourceTree = "<group>";
		};
/* End PBXVariantGroup section */

/* Begin XCBuildConfiguration section */
		F2E26C03280B072000B6F9B2 /* Debug */ = {
			isa = XCBuildConfiguration;
			buildSettings = {
				ALWAYS_SEARCH_USER_PATHS = NO;
				CLANG_ANALYZER_NONNULL = YES;
				CLANG_ANALYZER_NUMBER_OBJECT_CONVERSION = YES_AGGRESSIVE;
				CLANG_CXX_LANGUAGE_STANDARD = "gnu++17";
				CLANG_ENABLE_MODULES = YES;
				CLANG_ENABLE_OBJC_ARC = YES;
				CLANG_ENABLE_OBJC_WEAK = YES;
				CLANG_WARN_BLOCK_CAPTURE_AUTORELEASING = YES;
				CLANG_WARN_BOOL_CONVERSION = YES;
				CLANG_WARN_COMMA = YES;
				CLANG_WARN_CONSTANT_CONVERSION = YES;
				CLANG_WARN_DEPRECATED_OBJC_IMPLEMENTATIONS = YES;
				CLANG_WARN_DIRECT_OBJC_ISA_USAGE = YES_ERROR;
				CLANG_WARN_DOCUMENTATION_COMMENTS = YES;
				CLANG_WARN_EMPTY_BODY = YES;
				CLANG_WARN_ENUM_CONVERSION = YES;
				CLANG_WARN_INFINITE_RECURSION = YES;
				CLANG_WARN_INT_CONVERSION = YES;
				CLANG_WARN_NON_LITERAL_NULL_CONVERSION = YES;
				CLANG_WARN_OBJC_IMPLICIT_RETAIN_SELF = YES;
				CLANG_WARN_OBJC_LITERAL_CONVERSION = YES;
				CLANG_WARN_OBJC_ROOT_CLASS = YES_ERROR;
				CLANG_WARN_QUOTED_INCLUDE_IN_FRAMEWORK_HEADER = YES;
				CLANG_WARN_RANGE_LOOP_ANALYSIS = YES;
				CLANG_WARN_STRICT_PROTOTYPES = YES;
				CLANG_WARN_SUSPICIOUS_MOVE = YES;
				CLANG_WARN_UNGUARDED_AVAILABILITY = YES_AGGRESSIVE;
				CLANG_WARN_UNREACHABLE_CODE = YES;
				CLANG_WARN__DUPLICATE_METHOD_MATCH = YES;
				COPY_PHASE_STRIP = NO;
				DEBUG_INFORMATION_FORMAT = dwarf;
				ENABLE_STRICT_OBJC_MSGSEND = YES;
				ENABLE_TESTABILITY = YES;
				GCC_C_LANGUAGE_STANDARD = gnu11;
				GCC_DYNAMIC_NO_PIC = NO;
				GCC_NO_COMMON_BLOCKS = YES;
				GCC_OPTIMIZATION_LEVEL = 0;
				GCC_PREPROCESSOR_DEFINITIONS = (
					"DEBUG=1",
					"$(inherited)",
				);
				GCC_WARN_64_TO_32_BIT_CONVERSION = YES;
				GCC_WARN_ABOUT_RETURN_TYPE = YES_ERROR;
				GCC_WARN_UNDECLARED_SELECTOR = YES;
				GCC_WARN_UNINITIALIZED_AUTOS = YES_AGGRESSIVE;
				GCC_WARN_UNUSED_FUNCTION = YES;
				GCC_WARN_UNUSED_VARIABLE = YES;
				MACOSX_DEPLOYMENT_TARGET = 11.0;
				MTL_ENABLE_DEBUG_INFO = INCLUDE_SOURCE;
				MTL_FAST_MATH = YES;
				ONLY_ACTIVE_ARCH = YES;
				SDKROOT = macosx;
			};
			name = Debug;
		};
		F2E26C04280B072000B6F9B2 /* Release */ = {
			isa = XCBuildConfiguration;
			buildSettings = {
				ALWAYS_SEARCH_USER_PATHS = NO;
				CLANG_ANALYZER_NONNULL = YES;
				CLANG_ANALYZER_NUMBER_OBJECT_CONVERSION = YES_AGGRESSIVE;
				CLANG_CXX_LANGUAGE_STANDARD = "gnu++17";
				CLANG_ENABLE_MODULES = YES;
				CLANG_ENABLE_OBJC_ARC = YES;
				CLANG_ENABLE_OBJC_WEAK = YES;
				CLANG_WARN_BLOCK_CAPTURE_AUTORELEASING = YES;
				CLANG_WARN_BOOL_CONVERSION = YES;
				CLANG_WARN_COMMA = YES;
				CLANG_WARN_CONSTANT_CONVERSION = YES;
				CLANG_WARN_DEPRECATED_OBJC_IMPLEMENTATIONS = YES;
				CLANG_WARN_DIRECT_OBJC_ISA_USAGE = YES_ERROR;
				CLANG_WARN_DOCUMENTATION_COMMENTS = YES;
				CLANG_WARN_EMPTY_BODY = YES;
				CLANG_WARN_ENUM_CONVERSION = YES;
				CLANG_WARN_INFINITE_RECURSION = YES;
				CLANG_WARN_INT_CONVERSION = YES;
				CLANG_WARN_NON_LITERAL_NULL_CONVERSION = YES;
				CLANG_WARN_OBJC_IMPLICIT_RETAIN_SELF = YES;
				CLANG_WARN_OBJC_LITERAL_CONVERSION = YES;
				CLANG_WARN_OBJC_ROOT_CLASS = YES_ERROR;
				CLANG_WARN_QUOTED_INCLUDE_IN_FRAMEWORK_HEADER = YES;
				CLANG_WARN_RANGE_LOOP_ANALYSIS = YES;
				CLANG_WARN_STRICT_PROTOTYPES = YES;
				CLANG_WARN_SUSPICIOUS_MOVE = YES;
				CLANG_WARN_UNGUARDED_AVAILABILITY = YES_AGGRESSIVE;
				CLANG_WARN_UNREACHABLE_CODE = YES;
				CLANG_WARN__DUPLICATE_METHOD_MATCH = YES;
				COPY_PHASE_STRIP = NO;
				DEBUG_INFORMATION_FORMAT = "dwarf-with-dsym";
				ENABLE_NS_ASSERTIONS = NO;
				ENABLE_STRICT_OBJC_MSGSEND = YES;
				GCC_C_LANGUAGE_STANDARD = gnu11;
				GCC_NO_COMMON_BLOCKS = YES;
				GCC_WARN_64_TO_32_BIT_CONVERSION = YES;
				GCC_WARN_ABOUT_RETURN_TYPE = YES_ERROR;
				GCC_WARN_UNDECLARED_SELECTOR = YES;
				GCC_WARN_UNINITIALIZED_AUTOS = YES_AGGRESSIVE;
				GCC_WARN_UNUSED_FUNCTION = YES;
				GCC_WARN_UNUSED_VARIABLE = YES;
				MACOSX_DEPLOYMENT_TARGET = 11.0;
				MTL_ENABLE_DEBUG_INFO = NO;
				MTL_FAST_MATH = YES;
				SDKROOT = macosx;
			};
			name = Release;
		};
		F2E26C06280B072000B6F9B2 /* Debug */ = {
			isa = XCBuildConfiguration;
			buildSettings = {
				ASSETCATALOG_COMPILER_APPICON_NAME = AppIcon;
				ASSETCATALOG_COMPILER_GLOBAL_ACCENT_COLOR_NAME = AccentColor;
				CODE_SIGN_ENTITLEMENTS = Caffeine/Caffeine.entitlements;
				CODE_SIGN_IDENTITY = "-";
				CODE_SIGN_STYLE = Automatic;
				COMBINE_HIDPI_IMAGES = YES;
				CURRENT_PROJECT_VERSION = 13;
				DEVELOPMENT_TEAM = 568T6RKXH7;
				ENABLE_HARDENED_RUNTIME = YES;
				GENERATE_INFOPLIST_FILE = YES;
				INFOPLIST_FILE = Caffeine/Info.plist;
				INFOPLIST_KEY_NSHumanReadableCopyright = "";
				INFOPLIST_KEY_NSMainNibFile = MainMenu;
				INFOPLIST_KEY_NSPrincipalClass = NSApplication;
				LD_RUNPATH_SEARCH_PATHS = (
					"$(inherited)",
					"@executable_path/../Frameworks",
				);
				MACOSX_DEPLOYMENT_TARGET = 11.0;
				MARKETING_VERSION = 1.2;
				PRODUCT_BUNDLE_IDENTIFIER = net.domzilla.Caffeine;
				PRODUCT_NAME = "$(TARGET_NAME)";
				SWIFT_EMIT_LOC_STRINGS = YES;
			};
			name = Debug;
		};
		F2E26C07280B072000B6F9B2 /* Release */ = {
			isa = XCBuildConfiguration;
			buildSettings = {
				ASSETCATALOG_COMPILER_APPICON_NAME = AppIcon;
				ASSETCATALOG_COMPILER_GLOBAL_ACCENT_COLOR_NAME = AccentColor;
				CODE_SIGN_ENTITLEMENTS = Caffeine/Caffeine.entitlements;
				CODE_SIGN_IDENTITY = "-";
				CODE_SIGN_STYLE = Automatic;
				COMBINE_HIDPI_IMAGES = YES;
				CURRENT_PROJECT_VERSION = 13;
				DEVELOPMENT_TEAM = 568T6RKXH7;
				ENABLE_HARDENED_RUNTIME = YES;
				GENERATE_INFOPLIST_FILE = YES;
				INFOPLIST_FILE = Caffeine/Info.plist;
				INFOPLIST_KEY_NSHumanReadableCopyright = "";
				INFOPLIST_KEY_NSMainNibFile = MainMenu;
				INFOPLIST_KEY_NSPrincipalClass = NSApplication;
				LD_RUNPATH_SEARCH_PATHS = (
					"$(inherited)",
					"@executable_path/../Frameworks",
				);
				MACOSX_DEPLOYMENT_TARGET = 11.0;
				MARKETING_VERSION = 1.2;
				PRODUCT_BUNDLE_IDENTIFIER = net.domzilla.Caffeine;
				PRODUCT_NAME = "$(TARGET_NAME)";
				SWIFT_EMIT_LOC_STRINGS = YES;
			};
			name = Release;
		};
/* End XCBuildConfiguration section */

/* Begin XCConfigurationList section */
		F2E26BF0280B072000B6F9B2 /* Build configuration list for PBXProject "Caffeine" */ = {
			isa = XCConfigurationList;
			buildConfigurations = (
				F2E26C03280B072000B6F9B2 /* Debug */,
				F2E26C04280B072000B6F9B2 /* Release */,
			);
			defaultConfigurationIsVisible = 0;
			defaultConfigurationName = Release;
		};
		F2E26C05280B072000B6F9B2 /* Build configuration list for PBXNativeTarget "Caffeine" */ = {
			isa = XCConfigurationList;
			buildConfigurations = (
				F2E26C06280B072000B6F9B2 /* Debug */,
				F2E26C07280B072000B6F9B2 /* Release */,
			);
			defaultConfigurationIsVisible = 0;
			defaultConfigurationName = Release;
		};
/* End XCConfigurationList section */
	};
	rootObject = F2E26BED280B072000B6F9B2 /* Project object */;
}
